PODS:
  - Flutter (1.0.0)
  - linkfive_purchases (0.0.1):
    - Flutter
    - LinkFivePurchases (= 0.0.2)
  - LinkFivePurchases (0.0.2)

DEPENDENCIES:
  - Flutter (from `Flutter`)
  - linkfive_purchases (from `.symlinks/plugins/linkfive_purchases/ios`)

SPEC REPOS:
  trunk:
    - LinkFivePurchases

EXTERNAL SOURCES:
  Flutter:
    :path: Flutter
  linkfive_purchases:
    :path: ".symlinks/plugins/linkfive_purchases/ios"

SPEC CHECKSUMS:
  Flutter: 434fef37c0980e73bb6479ef766c45957d4b510c
  linkfive_purchases: 060e9dd8288e17fef963c1857511dcec7c4aaf3f
  LinkFivePurchases: f09f4f0969f89f4f7b05fb7ea9e0475f1da9281d

PODFILE CHECKSUM: a75497545d4391e2d394c3668e20cfb1c2bbd4aa

COCOAPODS: 1.10.1
